{
  "version": 4,
  "terraform_version": "1.2.1",
  "serial": 7,
  "lineage": "181476f2-3395-887e-b392-9da4840e442d",
  "outputs": {},
  "resources": [
    {
      "mode": "managed",
      "type": "azurerm_linux_web_app",
      "name": "webapp",
      "provider": "provider[\"registry.terraform.io/hashicorp/azurerm\"]",
      "instances": [
        {
          "schema_version": 0,
          "attributes": {
            "app_settings": null,
            "auth_settings": [
              {
                "active_directory": [],
                "additional_login_parameters": {},
                "allowed_external_redirect_urls": [],
                "default_provider": "",
                "enabled": false,
                "facebook": [],
                "github": [],
                "google": [],
                "issuer": "",
                "microsoft": [],
                "runtime_version": "",
                "token_refresh_extension_hours": 0,
                "token_store_enabled": false,
                "twitter": [],
                "unauthenticated_client_action": ""
              }
            ],
            "backup": [],
            "client_affinity_enabled": false,
            "client_certificate_enabled": false,
            "client_certificate_mode": "Required",
            "connection_string": [],
            "custom_domain_verification_id": "EE7623C6792C629800A53649BBD1F32D63510CCFF38D9658A1A93EEA1B24215E",
            "default_hostname": "webapp-71352.azurewebsites.net",
            "enabled": true,
            "https_only": true,
            "id": "/subscriptions/1d8c6de3-acbf-4ebc-ba89-85dc78fe1436/resourceGroups/RG_MGR_Terraform/providers/Microsoft.Web/sites/webapp-71352",
            "identity": [],
            "key_vault_reference_identity_id": "SystemAssigned",
            "kind": "app,linux",
            "location": "westeurope",
            "logs": [],
            "name": "webapp-71352",
            "outbound_ip_address_list": [
              "20.76.147.216",
              "20.76.149.219",
              "20.76.150.202",
              "20.76.150.35",
              "20.76.151.64",
              "20.76.151.88",
              "20.50.2.65"
            ],
            "outbound_ip_addresses": "20.76.147.216,20.76.149.219,20.76.150.202,20.76.150.35,20.76.151.64,20.76.151.88,20.50.2.65",
            "possible_outbound_ip_address_list": [
              "20.76.147.216",
              "20.76.149.219",
              "20.76.150.202",
              "20.76.150.35",
              "20.76.151.64",
              "20.76.151.88",
              "20.76.151.237",
              "20.93.193.233",
              "20.93.194.58",
              "20.93.194.128",
              "20.93.194.142",
              "20.93.194.165",
              "20.76.150.144",
              "20.93.194.213",
              "20.93.194.244",
              "20.93.195.19",
              "20.93.195.79",
              "20.93.195.98",
              "20.76.203.172",
              "20.76.205.109",
              "20.101.203.59",
              "20.101.205.97",
              "20.101.205.166",
              "20.101.205.233",
              "20.50.2.65"
            ],
            "possible_outbound_ip_addresses": "20.76.147.216,20.76.149.219,20.76.150.202,20.76.150.35,20.76.151.64,20.76.151.88,20.76.151.237,20.93.193.233,20.93.194.58,20.93.194.128,20.93.194.142,20.93.194.165,20.76.150.144,20.93.194.213,20.93.194.244,20.93.195.19,20.93.195.79,20.93.195.98,20.76.203.172,20.76.205.109,20.101.203.59,20.101.205.97,20.101.205.166,20.101.205.233,20.50.2.65",
            "resource_group_name": "RG_MGR_Terraform",
            "service_plan_id": "/subscriptions/1d8c6de3-acbf-4ebc-ba89-85dc78fe1436/resourceGroups/RG_MGR_Terraform/providers/Microsoft.Web/serverfarms/ASP-RG_MGR_Terraform-71352",
            "site_config": [
              {
                "always_on": true,
                "api_definition_url": "",
                "api_management_api_id": "",
                "app_command_line": "",
                "application_stack": [
                  {
                    "docker_image": "",
                    "docker_image_tag": "",
                    "dotnet_version": "",
                    "java_server": "",
                    "java_server_version": "",
                    "java_version": "",
                    "node_version": "",
                    "php_version": "",
                    "python_version": "",
                    "ruby_version": ""
                  }
                ],
                "auto_heal_enabled": false,
                "auto_heal_setting": [],
                "container_registry_managed_identity_client_id": "",
                "container_registry_use_managed_identity": false,
                "cors": [],
                "default_documents": [
                  "Default.htm",
                  "Default.html",
                  "Default.asp",
                  "index.htm",
                  "index.html",
                  "iisstart.htm",
                  "default.aspx",
                  "index.php",
                  "hostingstart.html"
                ],
                "detailed_error_logging_enabled": false,
                "ftps_state": "Disabled",
                "health_check_eviction_time_in_min": 0,
                "health_check_path": "",
                "http2_enabled": false,
                "ip_restriction": [],
                "linux_fx_version": "",
                "load_balancing_mode": "LeastRequests",
                "local_mysql_enabled": false,
                "managed_pipeline_mode": "Integrated",
                "minimum_tls_version": "1.2",
                "remote_debugging_enabled": false,
                "remote_debugging_version": "VS2019",
                "scm_ip_restriction": [],
                "scm_minimum_tls_version": "1.2",
                "scm_type": "None",
                "scm_use_main_ip_restriction": false,
                "use_32_bit_worker": true,
                "vnet_route_all_enabled": false,
                "websockets_enabled": false,
                "worker_count": 1
              }
            ],
            "site_credential": [
              {
                "name": "$webapp-71352",
                "password": "a1tkBYG0r9shvbrbcoDrvd4hkDHwhytsAirgFwnbSeFRgJMTKbqFNZWb1PCw"
              }
            ],
            "storage_account": [],
            "tags": null,
            "timeouts": null
          },
          "sensitive_attributes": [],
          "private": "eyJlMmJmYjczMC1lY2FhLTExZTYtOGY4OC0zNDM2M2JjN2M0YzAiOnsiY3JlYXRlIjoxODAwMDAwMDAwMDAwLCJkZWxldGUiOjE4MDAwMDAwMDAwMDAsInJlYWQiOjMwMDAwMDAwMDAwMCwidXBkYXRlIjoxODAwMDAwMDAwMDAwfX0=",
          "dependencies": [
            "azurerm_resource_group.rg",
            "azurerm_service_plan.appserviceplan",
            "random_integer.ri"
          ]
        }
      ]
    },
    {
      "mode": "managed",
      "type": "azurerm_resource_group",
      "name": "rg",
      "provider": "provider[\"registry.terraform.io/hashicorp/azurerm\"]",
      "instances": [
        {
          "schema_version": 0,
          "attributes": {
            "id": "/subscriptions/1d8c6de3-acbf-4ebc-ba89-85dc78fe1436/resourceGroups/RG_MGR_Terraform",
            "location": "westeurope",
            "name": "RG_MGR_Terraform",
            "tags": null,
            "timeouts": null
          },
          "sensitive_attributes": [],
          "private": "eyJlMmJmYjczMC1lY2FhLTExZTYtOGY4OC0zNDM2M2JjN2M0YzAiOnsiY3JlYXRlIjo1NDAwMDAwMDAwMDAwLCJkZWxldGUiOjU0MDAwMDAwMDAwMDAsInJlYWQiOjMwMDAwMDAwMDAwMCwidXBkYXRlIjo1NDAwMDAwMDAwMDAwfX0="
        }
      ]
    },
    {
      "mode": "managed",
      "type": "azurerm_service_plan",
      "name": "appserviceplan",
      "provider": "provider[\"registry.terraform.io/hashicorp/azurerm\"]",
      "instances": [
        {
          "schema_version": 0,
          "attributes": {
            "app_service_environment_id": "",
            "id": "/subscriptions/1d8c6de3-acbf-4ebc-ba89-85dc78fe1436/resourceGroups/RG_MGR_Terraform/providers/Microsoft.Web/serverfarms/ASP-RG_MGR_Terraform-71352",
            "kind": "linux",
            "location": "westeurope",
            "maximum_elastic_worker_count": 1,
            "name": "ASP-RG_MGR_Terraform-71352",
            "os_type": "Linux",
            "per_site_scaling_enabled": false,
            "reserved": true,
            "resource_group_name": "RG_MGR_Terraform",
            "sku_name": "B2",
            "tags": null,
            "timeouts": null,
            "worker_count": 1
          },
          "sensitive_attributes": [],
          "private": "eyJlMmJmYjczMC1lY2FhLTExZTYtOGY4OC0zNDM2M2JjN2M0YzAiOnsiY3JlYXRlIjozNjAwMDAwMDAwMDAwLCJkZWxldGUiOjM2MDAwMDAwMDAwMDAsInJlYWQiOjMwMDAwMDAwMDAwMCwidXBkYXRlIjozNjAwMDAwMDAwMDAwfX0=",
          "dependencies": [
            "azurerm_resource_group.rg",
            "random_integer.ri"
          ]
        }
      ]
    },
    {
      "mode": "managed",
      "type": "random_integer",
      "name": "ri",
      "provider": "provider[\"registry.terraform.io/hashicorp/random\"]",
      "instances": [
        {
          "schema_version": 0,
          "attributes": {
            "id": "71352",
            "keepers": null,
            "max": 99999,
            "min": 10000,
            "result": 71352,
            "seed": null
          },
          "sensitive_attributes": []
        }
      ]
    }
  ]
}
