{
  "version": 4,
  "terraform_version": "1.2.1",
  "serial": 25,
  "lineage": "181476f2-3395-887e-b392-9da4840e442d",
  "outputs": {},
  "resources": [
    {
      "mode": "managed",
      "type": "azurerm_linux_virtual_machine",
      "name": "my_terraform_vm",
      "provider": "provider[\"registry.terraform.io/hashicorp/azurerm\"]",
      "instances": [
        {
          "schema_version": 0,
          "attributes": {
            "additional_capabilities": [],
            "admin_password": null,
            "admin_ssh_key": [
              {
                "public_key": "ssh-rsa AAAAB3NzaC1yc2EAAAADAQABAAACAQDTTprWPzLdZPQCDUvfevmSGMKOJXnDlbQA5FtcgUOGUAlIxMmkdo1Asu58N8Ci6Zn+srnp241qQ87ZobOr+Jzx9esP58jOR3jrwyizYPjvxHwtzkMEuSVoDU3LBIbUbfPuk+rNczyLq3WLxt2Gg5uNoSnR5b++oU4VA4SIb2gVge4NpjvmIhCBV9H2ePoPN9V0BmcD9F7/fQJnuLwq1Yvp/pqeeExXxa9s+/r0NWN3GE2a+W+kA0QzOJz62PfYr4qFsuUcS1xW07zUXn4CfN1siu9sQBYELsJcIKL6BNHz+FJX7FOcBnyYXWYKHCfI1PV5X8SaWAdVLVhyENSonGXHu1pbefOrM1HDYraPbLq8abUeFWx1G7Mg7V3ePF9xoqxuYsV9Ocgvbgfo4qve/fpGcCNLd7G+nt2tkfGKCTdI/WFXU2nrPXWeFDFokR9wvktk3yMOg+6rczZYUstUIAHo+3/aRh9+1juZynevDDnVOTEdMj8PnpK2qFf2lco5abh5p1kd7mv/WxuNWzfoRpgAWMUuuXgv7/ilrV5VRIP5GaqN9oincir7yzAanDKr4C77ALDR8Kzrc+yvIUzHhzldEyJq9M+GSYSQm9pplvHlj0ri4yZ6ZD7/lCszgZPwH1+DVQ71vCwoM842+TiYzi/rh0XwIcHLXc3T+T0D7y1S2Q==\n",
                "username": "azureuser"
              }
            ],
            "admin_username": "azureuser",
            "allow_extension_operations": true,
            "availability_set_id": "",
            "boot_diagnostics": [
              {
                "storage_account_uri": "https://diagd2bcbee3d0bf9dfa.blob.core.windows.net/"
              }
            ],
            "computer_name": "myvm",
            "custom_data": null,
            "dedicated_host_group_id": "",
            "dedicated_host_id": "",
            "disable_password_authentication": true,
            "edge_zone": "",
            "encryption_at_host_enabled": false,
            "eviction_policy": "",
            "extensions_time_budget": "PT1H30M",
            "id": "/subscriptions/1d8c6de3-acbf-4ebc-ba89-85dc78fe1436/resourceGroups/RG_MGR_Terraform/providers/Microsoft.Compute/virtualMachines/DebianMGRTerraformVM",
            "identity": [],
            "license_type": "",
            "location": "westeurope",
            "max_bid_price": -1,
            "name": "DebianMGRTerraformVM",
            "network_interface_ids": [
              "/subscriptions/1d8c6de3-acbf-4ebc-ba89-85dc78fe1436/resourceGroups/RG_MGR_Terraform/providers/Microsoft.Network/networkInterfaces/myNIC"
            ],
            "os_disk": [
              {
                "caching": "ReadWrite",
                "diff_disk_settings": [],
                "disk_encryption_set_id": "",
                "disk_size_gb": 30,
                "name": "myOsDisk",
                "storage_account_type": "Standard_LRS",
                "write_accelerator_enabled": false
              }
            ],
            "patch_mode": "ImageDefault",
            "plan": [],
            "platform_fault_domain": -1,
            "priority": "Regular",
            "private_ip_address": "10.0.1.4",
            "private_ip_addresses": [
              "10.0.1.4"
            ],
            "provision_vm_agent": true,
            "proximity_placement_group_id": "",
            "public_ip_address": "20.123.131.3",
            "public_ip_addresses": [
              "20.123.131.3"
            ],
            "resource_group_name": "RG_MGR_Terraform",
            "secret": [],
            "secure_boot_enabled": false,
            "size": "Standard_A2_v2",
            "source_image_id": "",
            "source_image_reference": [
              {
                "offer": "Debian-11",
                "publisher": "Debian",
                "sku": "11",
                "version": "latest"
              }
            ],
            "tags": null,
            "termination_notification": null,
            "timeouts": null,
            "user_data": "",
            "virtual_machine_id": "a45778f9-d676-476d-8711-9c3150253b3d",
            "virtual_machine_scale_set_id": "",
            "vtpm_enabled": false,
            "zone": ""
          },
          "sensitive_attributes": [],
          "private": "eyJlMmJmYjczMC1lY2FhLTExZTYtOGY4OC0zNDM2M2JjN2M0YzAiOnsiY3JlYXRlIjoyNzAwMDAwMDAwMDAwLCJkZWxldGUiOjI3MDAwMDAwMDAwMDAsInJlYWQiOjMwMDAwMDAwMDAwMCwidXBkYXRlIjoyNzAwMDAwMDAwMDAwfX0=",
          "dependencies": [
            "azurerm_network_interface.my_terraform_nic",
            "azurerm_resource_group.rg",
            "azurerm_storage_account.my_storage_account",
            "tls_private_key.example_ssh"
          ]
        }
      ]
    },
    {
      "mode": "managed",
      "type": "azurerm_linux_web_app",
      "name": "webapp",
      "provider": "provider[\"registry.terraform.io/hashicorp/azurerm\"]",
      "instances": [
        {
          "schema_version": 0,
          "attributes": {
            "app_settings": {},
            "auth_settings": [
              {
                "active_directory": [],
                "additional_login_parameters": {},
                "allowed_external_redirect_urls": [],
                "default_provider": "",
                "enabled": false,
                "facebook": [],
                "github": [],
                "google": [],
                "issuer": "",
                "microsoft": [],
                "runtime_version": "",
                "token_refresh_extension_hours": 0,
                "token_store_enabled": false,
                "twitter": [],
                "unauthenticated_client_action": ""
              }
            ],
            "backup": [],
            "client_affinity_enabled": false,
            "client_certificate_enabled": false,
            "client_certificate_mode": "Required",
            "connection_string": [],
            "custom_domain_verification_id": "EE7623C6792C629800A53649BBD1F32D63510CCFF38D9658A1A93EEA1B24215E",
            "default_hostname": "webapp-71352.azurewebsites.net",
            "enabled": true,
            "https_only": true,
            "id": "/subscriptions/1d8c6de3-acbf-4ebc-ba89-85dc78fe1436/resourceGroups/RG_MGR_Terraform/providers/Microsoft.Web/sites/webapp-71352",
            "identity": [],
            "key_vault_reference_identity_id": "SystemAssigned",
            "kind": "app,linux",
            "location": "westeurope",
            "logs": [],
            "name": "webapp-71352",
            "outbound_ip_address_list": [
              "20.31.230.78",
              "20.31.231.26",
              "20.229.249.101",
              "20.229.249.125",
              "20.229.249.153",
              "20.229.249.154",
              "20.105.216.13"
            ],
            "outbound_ip_addresses": "20.31.230.78,20.31.231.26,20.229.249.101,20.229.249.125,20.229.249.153,20.229.249.154,20.105.216.13",
            "possible_outbound_ip_address_list": [
              "20.31.230.78",
              "20.31.231.26",
              "20.229.249.101",
              "20.229.249.125",
              "20.229.249.153",
              "20.229.249.154",
              "20.229.249.199",
              "20.229.250.8",
              "20.31.228.28",
              "20.31.228.121",
              "20.31.231.7",
              "20.229.250.134",
              "20.31.226.78",
              "20.31.227.4",
              "20.31.227.36",
              "20.31.227.37",
              "20.31.227.103",
              "20.31.228.245",
              "20.31.229.26",
              "20.31.228.240",
              "20.31.229.111",
              "20.31.226.83",
              "20.31.229.94",
              "20.31.229.233",
              "20.105.216.13"
            ],
            "possible_outbound_ip_addresses": "20.31.230.78,20.31.231.26,20.229.249.101,20.229.249.125,20.229.249.153,20.229.249.154,20.229.249.199,20.229.250.8,20.31.228.28,20.31.228.121,20.31.231.7,20.229.250.134,20.31.226.78,20.31.227.4,20.31.227.36,20.31.227.37,20.31.227.103,20.31.228.245,20.31.229.26,20.31.228.240,20.31.229.111,20.31.226.83,20.31.229.94,20.31.229.233,20.105.216.13",
            "resource_group_name": "RG_MGR_Terraform",
            "service_plan_id": "/subscriptions/1d8c6de3-acbf-4ebc-ba89-85dc78fe1436/resourceGroups/RG_MGR_Terraform/providers/Microsoft.Web/serverfarms/ASP-RG_MGR_Terraform-71352",
            "site_config": [
              {
                "always_on": true,
                "api_definition_url": "",
                "api_management_api_id": "",
                "app_command_line": "",
                "application_stack": [
                  {
                    "docker_image": "",
                    "docker_image_tag": "",
                    "dotnet_version": "",
                    "java_server": "",
                    "java_server_version": "",
                    "java_version": "",
                    "node_version": "",
                    "php_version": "",
                    "python_version": "",
                    "ruby_version": ""
                  }
                ],
                "auto_heal_enabled": false,
                "auto_heal_setting": [],
                "container_registry_managed_identity_client_id": "",
                "container_registry_use_managed_identity": false,
                "cors": [],
                "default_documents": [
                  "Default.htm",
                  "Default.html",
                  "Default.asp",
                  "index.htm",
                  "index.html",
                  "iisstart.htm",
                  "default.aspx",
                  "index.php",
                  "hostingstart.html"
                ],
                "detailed_error_logging_enabled": false,
                "ftps_state": "Disabled",
                "health_check_eviction_time_in_min": 0,
                "health_check_path": "",
                "http2_enabled": false,
                "ip_restriction": [],
                "linux_fx_version": "",
                "load_balancing_mode": "LeastRequests",
                "local_mysql_enabled": false,
                "managed_pipeline_mode": "Integrated",
                "minimum_tls_version": "1.2",
                "remote_debugging_enabled": false,
                "remote_debugging_version": "VS2019",
                "scm_ip_restriction": [],
                "scm_minimum_tls_version": "1.2",
                "scm_type": "None",
                "scm_use_main_ip_restriction": false,
                "use_32_bit_worker": true,
                "vnet_route_all_enabled": false,
                "websockets_enabled": false,
                "worker_count": 1
              }
            ],
            "site_credential": [
              {
                "name": "$webapp-71352",
                "password": "YhwWrX2g5nArrJhnSR1fcfw0Qi6RBxs30tZGGnD1FwFy3NQHszvgNxJbGhjE"
              }
            ],
            "storage_account": [],
            "tags": {},
            "timeouts": null
          },
          "sensitive_attributes": [],
          "private": "eyJlMmJmYjczMC1lY2FhLTExZTYtOGY4OC0zNDM2M2JjN2M0YzAiOnsiY3JlYXRlIjoxODAwMDAwMDAwMDAwLCJkZWxldGUiOjE4MDAwMDAwMDAwMDAsInJlYWQiOjMwMDAwMDAwMDAwMCwidXBkYXRlIjoxODAwMDAwMDAwMDAwfX0=",
          "dependencies": [
            "azurerm_resource_group.rg",
            "azurerm_service_plan.appserviceplan",
            "random_integer.ri"
          ]
        }
      ]
    },
    {
      "mode": "managed",
      "type": "azurerm_network_interface",
      "name": "my_terraform_nic",
      "provider": "provider[\"registry.terraform.io/hashicorp/azurerm\"]",
      "instances": [
        {
          "schema_version": 0,
          "attributes": {
            "applied_dns_servers": [],
            "dns_servers": [],
            "edge_zone": "",
            "enable_accelerated_networking": false,
            "enable_ip_forwarding": false,
            "id": "/subscriptions/1d8c6de3-acbf-4ebc-ba89-85dc78fe1436/resourceGroups/RG_MGR_Terraform/providers/Microsoft.Network/networkInterfaces/myNIC",
            "internal_dns_name_label": "",
            "internal_domain_name_suffix": "hm4lm0g1w41evoke04oastfhzh.ax.internal.cloudapp.net",
            "ip_configuration": [
              {
                "gateway_load_balancer_frontend_ip_configuration_id": "",
                "name": "my_nic_configuration",
                "primary": true,
                "private_ip_address": "10.0.1.4",
                "private_ip_address_allocation": "Dynamic",
                "private_ip_address_version": "IPv4",
                "public_ip_address_id": "/subscriptions/1d8c6de3-acbf-4ebc-ba89-85dc78fe1436/resourceGroups/RG_MGR_Terraform/providers/Microsoft.Network/publicIPAddresses/myPublicIP",
                "subnet_id": "/subscriptions/1d8c6de3-acbf-4ebc-ba89-85dc78fe1436/resourceGroups/RG_MGR_Terraform/providers/Microsoft.Network/virtualNetworks/myVnet/subnets/mySubnet"
              }
            ],
            "location": "westeurope",
            "mac_address": "",
            "name": "myNIC",
            "private_ip_address": "10.0.1.4",
            "private_ip_addresses": [
              "10.0.1.4"
            ],
            "resource_group_name": "RG_MGR_Terraform",
            "tags": {},
            "timeouts": null,
            "virtual_machine_id": ""
          },
          "sensitive_attributes": [],
          "private": "eyJlMmJmYjczMC1lY2FhLTExZTYtOGY4OC0zNDM2M2JjN2M0YzAiOnsiY3JlYXRlIjoxODAwMDAwMDAwMDAwLCJkZWxldGUiOjE4MDAwMDAwMDAwMDAsInJlYWQiOjMwMDAwMDAwMDAwMCwidXBkYXRlIjoxODAwMDAwMDAwMDAwfX0=",
          "dependencies": [
            "azurerm_public_ip.my_terraform_public_ip",
            "azurerm_resource_group.rg",
            "azurerm_subnet.my_terraform_subnet",
            "azurerm_virtual_network.my_terraform_network"
          ]
        }
      ]
    },
    {
      "mode": "managed",
      "type": "azurerm_network_interface_security_group_association",
      "name": "example",
      "provider": "provider[\"registry.terraform.io/hashicorp/azurerm\"]",
      "instances": [
        {
          "schema_version": 0,
          "attributes": {
            "id": "/subscriptions/1d8c6de3-acbf-4ebc-ba89-85dc78fe1436/resourceGroups/RG_MGR_Terraform/providers/Microsoft.Network/networkInterfaces/myNIC|/subscriptions/1d8c6de3-acbf-4ebc-ba89-85dc78fe1436/resourceGroups/RG_MGR_Terraform/providers/Microsoft.Network/networkSecurityGroups/myNetworkSecurityGroup",
            "network_interface_id": "/subscriptions/1d8c6de3-acbf-4ebc-ba89-85dc78fe1436/resourceGroups/RG_MGR_Terraform/providers/Microsoft.Network/networkInterfaces/myNIC",
            "network_security_group_id": "/subscriptions/1d8c6de3-acbf-4ebc-ba89-85dc78fe1436/resourceGroups/RG_MGR_Terraform/providers/Microsoft.Network/networkSecurityGroups/myNetworkSecurityGroup",
            "timeouts": null
          },
          "sensitive_attributes": [],
          "private": "eyJlMmJmYjczMC1lY2FhLTExZTYtOGY4OC0zNDM2M2JjN2M0YzAiOnsiY3JlYXRlIjoxODAwMDAwMDAwMDAwLCJkZWxldGUiOjE4MDAwMDAwMDAwMDAsInJlYWQiOjMwMDAwMDAwMDAwMCwidXBkYXRlIjoxODAwMDAwMDAwMDAwfX0=",
          "dependencies": [
            "azurerm_network_interface.my_terraform_nic",
            "azurerm_network_security_group.my_terraform_nsg",
            "azurerm_public_ip.my_terraform_public_ip",
            "azurerm_resource_group.rg",
            "azurerm_subnet.my_terraform_subnet",
            "azurerm_virtual_network.my_terraform_network"
          ]
        }
      ]
    },
    {
      "mode": "managed",
      "type": "azurerm_network_security_group",
      "name": "my_terraform_nsg",
      "provider": "provider[\"registry.terraform.io/hashicorp/azurerm\"]",
      "instances": [
        {
          "schema_version": 0,
          "attributes": {
            "id": "/subscriptions/1d8c6de3-acbf-4ebc-ba89-85dc78fe1436/resourceGroups/RG_MGR_Terraform/providers/Microsoft.Network/networkSecurityGroups/myNetworkSecurityGroup",
            "location": "westeurope",
            "name": "myNetworkSecurityGroup",
            "resource_group_name": "RG_MGR_Terraform",
            "security_rule": [
              {
                "access": "Allow",
                "description": "",
                "destination_address_prefix": "*",
                "destination_address_prefixes": [],
                "destination_application_security_group_ids": [],
                "destination_port_range": "22",
                "destination_port_ranges": [],
                "direction": "Inbound",
                "name": "SSH",
                "priority": 1001,
                "protocol": "Tcp",
                "source_address_prefix": "*",
                "source_address_prefixes": [],
                "source_application_security_group_ids": [],
                "source_port_range": "*",
                "source_port_ranges": []
              }
            ],
            "tags": {},
            "timeouts": null
          },
          "sensitive_attributes": [],
          "private": "eyJlMmJmYjczMC1lY2FhLTExZTYtOGY4OC0zNDM2M2JjN2M0YzAiOnsiY3JlYXRlIjoxODAwMDAwMDAwMDAwLCJkZWxldGUiOjE4MDAwMDAwMDAwMDAsInJlYWQiOjMwMDAwMDAwMDAwMCwidXBkYXRlIjoxODAwMDAwMDAwMDAwfX0=",
          "dependencies": [
            "azurerm_resource_group.rg"
          ]
        }
      ]
    },
    {
      "mode": "managed",
      "type": "azurerm_public_ip",
      "name": "my_terraform_public_ip",
      "provider": "provider[\"registry.terraform.io/hashicorp/azurerm\"]",
      "instances": [
        {
          "schema_version": 0,
          "attributes": {
            "allocation_method": "Dynamic",
            "domain_name_label": null,
            "edge_zone": "",
            "fqdn": null,
            "id": "/subscriptions/1d8c6de3-acbf-4ebc-ba89-85dc78fe1436/resourceGroups/RG_MGR_Terraform/providers/Microsoft.Network/publicIPAddresses/myPublicIP",
            "idle_timeout_in_minutes": 4,
            "ip_address": "",
            "ip_tags": {},
            "ip_version": "IPv4",
            "location": "westeurope",
            "name": "myPublicIP",
            "public_ip_prefix_id": null,
            "resource_group_name": "RG_MGR_Terraform",
            "reverse_fqdn": null,
            "sku": "Basic",
            "sku_tier": "Regional",
            "tags": {},
            "timeouts": null,
            "zones": []
          },
          "sensitive_attributes": [],
          "private": "eyJlMmJmYjczMC1lY2FhLTExZTYtOGY4OC0zNDM2M2JjN2M0YzAiOnsiY3JlYXRlIjoxODAwMDAwMDAwMDAwLCJkZWxldGUiOjE4MDAwMDAwMDAwMDAsInJlYWQiOjMwMDAwMDAwMDAwMCwidXBkYXRlIjoxODAwMDAwMDAwMDAwfX0=",
          "dependencies": [
            "azurerm_resource_group.rg"
          ]
        }
      ]
    },
    {
      "mode": "managed",
      "type": "azurerm_resource_group",
      "name": "rg",
      "provider": "provider[\"registry.terraform.io/hashicorp/azurerm\"]",
      "instances": [
        {
          "schema_version": 0,
          "attributes": {
            "id": "/subscriptions/1d8c6de3-acbf-4ebc-ba89-85dc78fe1436/resourceGroups/RG_MGR_Terraform",
            "location": "westeurope",
            "name": "RG_MGR_Terraform",
            "tags": {},
            "timeouts": null
          },
          "sensitive_attributes": [],
          "private": "eyJlMmJmYjczMC1lY2FhLTExZTYtOGY4OC0zNDM2M2JjN2M0YzAiOnsiY3JlYXRlIjo1NDAwMDAwMDAwMDAwLCJkZWxldGUiOjU0MDAwMDAwMDAwMDAsInJlYWQiOjMwMDAwMDAwMDAwMCwidXBkYXRlIjo1NDAwMDAwMDAwMDAwfX0="
        }
      ]
    },
    {
      "mode": "managed",
      "type": "azurerm_service_plan",
      "name": "appserviceplan",
      "provider": "provider[\"registry.terraform.io/hashicorp/azurerm\"]",
      "instances": [
        {
          "schema_version": 0,
          "attributes": {
            "app_service_environment_id": "",
            "id": "/subscriptions/1d8c6de3-acbf-4ebc-ba89-85dc78fe1436/resourceGroups/RG_MGR_Terraform/providers/Microsoft.Web/serverfarms/ASP-RG_MGR_Terraform-71352",
            "kind": "linux",
            "location": "westeurope",
            "maximum_elastic_worker_count": 1,
            "name": "ASP-RG_MGR_Terraform-71352",
            "os_type": "Linux",
            "per_site_scaling_enabled": false,
            "reserved": true,
            "resource_group_name": "RG_MGR_Terraform",
            "sku_name": "B2",
            "tags": {},
            "timeouts": null,
            "worker_count": 1
          },
          "sensitive_attributes": [],
          "private": "eyJlMmJmYjczMC1lY2FhLTExZTYtOGY4OC0zNDM2M2JjN2M0YzAiOnsiY3JlYXRlIjozNjAwMDAwMDAwMDAwLCJkZWxldGUiOjM2MDAwMDAwMDAwMDAsInJlYWQiOjMwMDAwMDAwMDAwMCwidXBkYXRlIjozNjAwMDAwMDAwMDAwfX0=",
          "dependencies": [
            "azurerm_resource_group.rg",
            "random_integer.ri"
          ]
        }
      ]
    },
    {
      "mode": "managed",
      "type": "azurerm_storage_account",
      "name": "my_storage_account",
      "provider": "provider[\"registry.terraform.io/hashicorp/azurerm\"]",
      "instances": [
        {
          "schema_version": 3,
          "attributes": {
            "access_tier": "Hot",
            "account_kind": "StorageV2",
            "account_replication_type": "LRS",
            "account_tier": "Standard",
            "allow_nested_items_to_be_public": true,
            "azure_files_authentication": [],
            "blob_properties": [
              {
                "change_feed_enabled": false,
                "container_delete_retention_policy": [],
                "cors_rule": [],
                "default_service_version": "",
                "delete_retention_policy": [],
                "last_access_time_enabled": false,
                "versioning_enabled": false
              }
            ],
            "custom_domain": [],
            "customer_managed_key": [],
            "edge_zone": "",
            "enable_https_traffic_only": true,
            "id": "/subscriptions/1d8c6de3-acbf-4ebc-ba89-85dc78fe1436/resourceGroups/RG_MGR_Terraform/providers/Microsoft.Storage/storageAccounts/diagd2bcbee3d0bf9dfa",
            "identity": [],
            "infrastructure_encryption_enabled": false,
            "is_hns_enabled": false,
            "large_file_share_enabled": null,
            "location": "westeurope",
            "min_tls_version": "TLS1_2",
            "name": "diagd2bcbee3d0bf9dfa",
            "network_rules": [
              {
                "bypass": [
                  "AzureServices"
                ],
                "default_action": "Allow",
                "ip_rules": [],
                "private_link_access": [],
                "virtual_network_subnet_ids": []
              }
            ],
            "nfsv3_enabled": false,
            "primary_access_key": "DLUQfGuDRlksJd5579G6URWDmI1NBAzljwJsXNbILq413ql9oB50qh3vFGhFqyZpTDVsRcWyJM02+ASt0HpXxQ==",
            "primary_blob_connection_string": "DefaultEndpointsProtocol=https;BlobEndpoint=https://diagd2bcbee3d0bf9dfa.blob.core.windows.net/;AccountName=diagd2bcbee3d0bf9dfa;AccountKey=DLUQfGuDRlksJd5579G6URWDmI1NBAzljwJsXNbILq413ql9oB50qh3vFGhFqyZpTDVsRcWyJM02+ASt0HpXxQ==",
            "primary_blob_endpoint": "https://diagd2bcbee3d0bf9dfa.blob.core.windows.net/",
            "primary_blob_host": "diagd2bcbee3d0bf9dfa.blob.core.windows.net",
            "primary_connection_string": "DefaultEndpointsProtocol=https;AccountName=diagd2bcbee3d0bf9dfa;AccountKey=DLUQfGuDRlksJd5579G6URWDmI1NBAzljwJsXNbILq413ql9oB50qh3vFGhFqyZpTDVsRcWyJM02+ASt0HpXxQ==;EndpointSuffix=core.windows.net",
            "primary_dfs_endpoint": "https://diagd2bcbee3d0bf9dfa.dfs.core.windows.net/",
            "primary_dfs_host": "diagd2bcbee3d0bf9dfa.dfs.core.windows.net",
            "primary_file_endpoint": "https://diagd2bcbee3d0bf9dfa.file.core.windows.net/",
            "primary_file_host": "diagd2bcbee3d0bf9dfa.file.core.windows.net",
            "primary_location": "westeurope",
            "primary_queue_endpoint": "https://diagd2bcbee3d0bf9dfa.queue.core.windows.net/",
            "primary_queue_host": "diagd2bcbee3d0bf9dfa.queue.core.windows.net",
            "primary_table_endpoint": "https://diagd2bcbee3d0bf9dfa.table.core.windows.net/",
            "primary_table_host": "diagd2bcbee3d0bf9dfa.table.core.windows.net",
            "primary_web_endpoint": "https://diagd2bcbee3d0bf9dfa.z6.web.core.windows.net/",
            "primary_web_host": "diagd2bcbee3d0bf9dfa.z6.web.core.windows.net",
            "queue_encryption_key_type": "Service",
            "queue_properties": [
              {
                "cors_rule": [],
                "hour_metrics": [
                  {
                    "enabled": true,
                    "include_apis": true,
                    "retention_policy_days": 7,
                    "version": "1.0"
                  }
                ],
                "logging": [
                  {
                    "delete": false,
                    "read": false,
                    "retention_policy_days": 0,
                    "version": "1.0",
                    "write": false
                  }
                ],
                "minute_metrics": [
                  {
                    "enabled": false,
                    "include_apis": false,
                    "retention_policy_days": 0,
                    "version": "1.0"
                  }
                ]
              }
            ],
            "resource_group_name": "RG_MGR_Terraform",
            "routing": [],
            "secondary_access_key": "/LJRULIUPXkAGUr/V5LhKSvjjm/1necdMGLG5gbiNx1P66ATeYFfS2d647dtiJ5NmeBCoawPzkn9+AStMcxRqQ==",
            "secondary_blob_connection_string": "",
            "secondary_blob_endpoint": null,
            "secondary_blob_host": null,
            "secondary_connection_string": "DefaultEndpointsProtocol=https;AccountName=diagd2bcbee3d0bf9dfa;AccountKey=/LJRULIUPXkAGUr/V5LhKSvjjm/1necdMGLG5gbiNx1P66ATeYFfS2d647dtiJ5NmeBCoawPzkn9+AStMcxRqQ==;EndpointSuffix=core.windows.net",
            "secondary_dfs_endpoint": null,
            "secondary_dfs_host": null,
            "secondary_file_endpoint": null,
            "secondary_file_host": null,
            "secondary_location": "",
            "secondary_queue_endpoint": null,
            "secondary_queue_host": null,
            "secondary_table_endpoint": null,
            "secondary_table_host": null,
            "secondary_web_endpoint": null,
            "secondary_web_host": null,
            "share_properties": [
              {
                "cors_rule": [],
                "retention_policy": [
                  {
                    "days": 7
                  }
                ],
                "smb": []
              }
            ],
            "shared_access_key_enabled": true,
            "static_website": [],
            "table_encryption_key_type": "Service",
            "tags": {},
            "timeouts": null
          },
          "sensitive_attributes": [],
          "private": "eyJlMmJmYjczMC1lY2FhLTExZTYtOGY4OC0zNDM2M2JjN2M0YzAiOnsiY3JlYXRlIjozNjAwMDAwMDAwMDAwLCJkZWxldGUiOjM2MDAwMDAwMDAwMDAsInJlYWQiOjMwMDAwMDAwMDAwMCwidXBkYXRlIjozNjAwMDAwMDAwMDAwfSwic2NoZW1hX3ZlcnNpb24iOiIzIn0=",
          "dependencies": [
            "azurerm_resource_group.rg",
            "random_id.random_id"
          ]
        }
      ]
    },
    {
      "mode": "managed",
      "type": "azurerm_subnet",
      "name": "my_terraform_subnet",
      "provider": "provider[\"registry.terraform.io/hashicorp/azurerm\"]",
      "instances": [
        {
          "schema_version": 0,
          "attributes": {
            "address_prefixes": [
              "10.0.1.0/24"
            ],
            "delegation": [],
            "enforce_private_link_endpoint_network_policies": false,
            "enforce_private_link_service_network_policies": false,
            "id": "/subscriptions/1d8c6de3-acbf-4ebc-ba89-85dc78fe1436/resourceGroups/RG_MGR_Terraform/providers/Microsoft.Network/virtualNetworks/myVnet/subnets/mySubnet",
            "name": "mySubnet",
            "resource_group_name": "RG_MGR_Terraform",
            "service_endpoint_policy_ids": [],
            "service_endpoints": [],
            "timeouts": null,
            "virtual_network_name": "myVnet"
          },
          "sensitive_attributes": [],
          "private": "eyJlMmJmYjczMC1lY2FhLTExZTYtOGY4OC0zNDM2M2JjN2M0YzAiOnsiY3JlYXRlIjoxODAwMDAwMDAwMDAwLCJkZWxldGUiOjE4MDAwMDAwMDAwMDAsInJlYWQiOjMwMDAwMDAwMDAwMCwidXBkYXRlIjoxODAwMDAwMDAwMDAwfX0=",
          "dependencies": [
            "azurerm_resource_group.rg",
            "azurerm_virtual_network.my_terraform_network"
          ]
        }
      ]
    },
    {
      "mode": "managed",
      "type": "azurerm_virtual_network",
      "name": "my_terraform_network",
      "provider": "provider[\"registry.terraform.io/hashicorp/azurerm\"]",
      "instances": [
        {
          "schema_version": 0,
          "attributes": {
            "address_space": [
              "10.0.0.0/16"
            ],
            "bgp_community": "",
            "ddos_protection_plan": [],
            "dns_servers": [],
            "edge_zone": "",
            "flow_timeout_in_minutes": 0,
            "guid": "68b63c3b-b7db-4ab6-b944-d79c094ca7cf",
            "id": "/subscriptions/1d8c6de3-acbf-4ebc-ba89-85dc78fe1436/resourceGroups/RG_MGR_Terraform/providers/Microsoft.Network/virtualNetworks/myVnet",
            "location": "westeurope",
            "name": "myVnet",
            "resource_group_name": "RG_MGR_Terraform",
            "subnet": [
              {
                "address_prefix": "10.0.1.0/24",
                "id": "/subscriptions/1d8c6de3-acbf-4ebc-ba89-85dc78fe1436/resourceGroups/RG_MGR_Terraform/providers/Microsoft.Network/virtualNetworks/myVnet/subnets/mySubnet",
                "name": "mySubnet",
                "security_group": ""
              }
            ],
            "tags": {},
            "timeouts": null
          },
          "sensitive_attributes": [],
          "private": "eyJlMmJmYjczMC1lY2FhLTExZTYtOGY4OC0zNDM2M2JjN2M0YzAiOnsiY3JlYXRlIjoxODAwMDAwMDAwMDAwLCJkZWxldGUiOjE4MDAwMDAwMDAwMDAsInJlYWQiOjMwMDAwMDAwMDAwMCwidXBkYXRlIjoxODAwMDAwMDAwMDAwfX0=",
          "dependencies": [
            "azurerm_resource_group.rg"
          ]
        }
      ]
    },
    {
      "mode": "managed",
      "type": "random_id",
      "name": "random_id",
      "provider": "provider[\"registry.terraform.io/hashicorp/random\"]",
      "instances": [
        {
          "schema_version": 0,
          "attributes": {
            "b64_std": "0ry+49C/nfo=",
            "b64_url": "0ry-49C_nfo",
            "byte_length": 8,
            "dec": "15185221929255542266",
            "hex": "d2bcbee3d0bf9dfa",
            "id": "0ry-49C_nfo",
            "keepers": {
              "resource_group": "RG_MGR_Terraform"
            },
            "prefix": null
          },
          "sensitive_attributes": [],
          "dependencies": [
            "azurerm_resource_group.rg"
          ]
        }
      ]
    },
    {
      "mode": "managed",
      "type": "random_integer",
      "name": "ri",
      "provider": "provider[\"registry.terraform.io/hashicorp/random\"]",
      "instances": [
        {
          "schema_version": 0,
          "attributes": {
            "id": "71352",
            "keepers": null,
            "max": 99999,
            "min": 10000,
            "result": 71352,
            "seed": null
          },
          "sensitive_attributes": []
        }
      ]
    },
    {
      "mode": "managed",
      "type": "tls_private_key",
      "name": "example_ssh",
      "provider": "provider[\"registry.terraform.io/hashicorp/tls\"]",
      "instances": [
        {
          "schema_version": 1,
          "attributes": {
            "algorithm": "RSA",
            "ecdsa_curve": "P224",
            "id": "09e66d2e87418821d6d8072987a5fc62a99b55be",
            "private_key_openssh": "-----BEGIN OPENSSH PRIVATE KEY-----\nb3BlbnNzaC1rZXktdjEAAAAABG5vbmUAAAAEbm9uZQAAAAAAAAABAAACFwAAAAdz\nc2gtcnNhAAAAAwEAAQAAAgEA006a1j8y3WT0Ag1L33r5khjCjiV5w5W0AORbXIFD\nhlAJSMTJpHaNQLLufDfAoumZ/rK56duNakPO2aGzq/ic8fXrD+fIzkd468Mos2D4\n78R8Lc5DBLklaA1NywSG1G3z7pPqzXM8i6t1i8bdhoObjaEp0eW/vqFOFQOEiG9o\nFYHuDaY75iIQgVfR9nj6DzfVdAZnA/Re/30CZ7i8KtWL6f6annhMV8WvbPv69DVj\ndxhNmvlvpANEMzic+tj32K+KhbLlHEtcVtO81F5+AnzdbIrvbEAWBC7CXCCi+gTR\n8/hSV+xTnAZ8mF1mChwnyNT1eV/EmlgHVS1YchDUqJxlx7taW3nzqzNRw2K2j2y6\nvGm1HhVsdRuzIO1d3jxfcaKsbmLFfTnIL24H6OKr3v36RnAjS3exvp7drZHxigk3\nSP1hV1Np6z11nhQxaJEfcL5LZN8jDoPuq3M2WFLLVCAB6Pt/2kYfftY7mcp3rww5\n1TkxHTI/D56StqhX9pXKOWm4eadZHe5r/1sbjVs36EaYAFjFLrl4L+/4pa1eVUSD\n+RmqjfaIp3Iq+8swGpwyq+Au+wCw0fCs63PsryFMx4c5XRMiavTPhkmEkJvaaZbx\n5Y9K4uMmemQ+/5QrM4GT8B9fg1UO9bwsKDPONvk4mM4v64dF8CHBy13N0/k9A+8t\nUtkAAAc4zTozQ806M0MAAAAHc3NoLXJzYQAAAgEA006a1j8y3WT0Ag1L33r5khjC\njiV5w5W0AORbXIFDhlAJSMTJpHaNQLLufDfAoumZ/rK56duNakPO2aGzq/ic8fXr\nD+fIzkd468Mos2D478R8Lc5DBLklaA1NywSG1G3z7pPqzXM8i6t1i8bdhoObjaEp\n0eW/vqFOFQOEiG9oFYHuDaY75iIQgVfR9nj6DzfVdAZnA/Re/30CZ7i8KtWL6f6a\nnnhMV8WvbPv69DVjdxhNmvlvpANEMzic+tj32K+KhbLlHEtcVtO81F5+AnzdbIrv\nbEAWBC7CXCCi+gTR8/hSV+xTnAZ8mF1mChwnyNT1eV/EmlgHVS1YchDUqJxlx7ta\nW3nzqzNRw2K2j2y6vGm1HhVsdRuzIO1d3jxfcaKsbmLFfTnIL24H6OKr3v36RnAj\nS3exvp7drZHxigk3SP1hV1Np6z11nhQxaJEfcL5LZN8jDoPuq3M2WFLLVCAB6Pt/\n2kYfftY7mcp3rww51TkxHTI/D56StqhX9pXKOWm4eadZHe5r/1sbjVs36EaYAFjF\nLrl4L+/4pa1eVUSD+RmqjfaIp3Iq+8swGpwyq+Au+wCw0fCs63PsryFMx4c5XRMi\navTPhkmEkJvaaZbx5Y9K4uMmemQ+/5QrM4GT8B9fg1UO9bwsKDPONvk4mM4v64dF\n8CHBy13N0/k9A+8tUtkAAAADAQABAAACAG8exw4j7fu/OxJZK606XkQWATn/Oyk/\ncImHjQP4dioLrNY3plJ2hZGghwmLyCHj9reaBWqVqqhXQE/yWSn2c5JKYHLc0Ryp\nOU3CM4UhWce87BCqh1PUiXdOh7pbhwvvRngQEUo5b32DjS0URyqVyxePyQ44Y707\n1nP2hZu5+mJVEXrcEGPVRhi+tguHUvjtw7JgK4xI1ixE8R7aZxmfcxR6b5Umbf86\nViZZ3H7QFJ5siWMWCT+W+CZ3fxXrQ2sP5SiqCxH2D3kZoBOOHXXxc//AkGe8y9cn\nP85y20HfhwllbOgPv2gtgRgfBaoLZGCYnP5W/mysHi8MyZYyg6KnnF2XnI4B92Ia\n6CmLIdlGts9vrmXR+TreX4zlLN+C1XfT8Uc0Hbw0DLkV2J1g0c25jE/BCEt2nss6\n4ZYSNhcXu2FQaMs1kBxvikIL9LzAEKHNsYQlM1YEBP01hOEPQgCxuPvZlbLvgPMN\nXa8OO1ScGFC3l5V3p9kGt4874zyLiNeFLKol4KmUxG7MMNc7uG57jJcsE9+voBl8\n/z/5rJuLNbIFAdDVzeDJsTtnffcT3uMKGXi9uOcNfinnVGAQfDFAyABBBOBEhzwZ\nW8uF75GGnrJ50yajJOJr4hA7dLRs4D/C7hsu213s738Yg8vpTDm8TByh2Z2oZDlS\nFgM4jh5vmWiBAAABAFBKA/ie3Asu7yc3ZdWtRuBNivKzNDzyjSPkJ4z03gq7Un2F\nBcReYQMvk9SxB6OhvQrh9pH4GF5vUjXGM3+HvjgGcpO1XdpnHFc4S68f5u44Qh7Q\n6FNjQmhEYO593PWvfiUrME/GhLSiUEWsXFy4Gv+BZLokDnkft3ffzo+PTOW3NYZL\nTEEXQ3RR/9xoyDainEIewHJz+/s4fke2CMrLr/kJi8P24n4ZbOJ+CrVbNuXcf4Mn\nbhMXO/ehyul56mM3pcSIzkXvKXnlB1GM7cMrJgaCgXVevVV7UT+7p0R5U2gpFWpE\nK/2MbcDbdmdDfYsyQcaquuTmMSBjAsbYMbPl2FYAAAEBAPRwOlHJTGM9bzOuBDuV\nsgtxZTpA4Z/n9iC1H9R47DVjMlAwhXckicA9AZwM+CQvQI9aikArqmpI8eNRORzn\nmkhwxu1LAx8Fm6fqchtnG+q0Vepp1bvH2gl/rJ8T5s+w7AGu/Ms7epyFDaO9XEy6\n8tnHBimNwSvjgrJpfeaAsYrde3QlpiRbXtxtmI62ElhjZ8U1ip1O+YjXHEtPKQa2\nGx1FI7jTK1nZp4yAe7alIwTNP3E+NZy4Gn27znNi+6ka7MwLqG8MiFJk+36cwACy\noCSVN4t5dIYLtK7RUNR+YPyOS2H0n6ce/uXRqpSyaqOaZ4UWDFb6kVVqzsxY8Vgd\nJN8AAAEBAN1NNSJrtPYI4uWAEp2nIlPSayBY4YK6cdX5w4S+Y9d4GNpy2xrCNmre\nQHYMIm2vYYe07tzih4kbJNXBhk1kaey5No/ApRdBw/szpQNJyck5v6JOSyYURLyn\nhy9L3oyAMGsRMCj5oML6UVn+SJc6kemxTVp6/M9DXPAW76lOBjishzavqzXgHDYv\nPPctI78tkE+8PaLv3Bl1OoUlHv28TFEbVDKL9SVB10UnMWxm24JFbPKsksXGSp80\n3RPpyI/3ctNKzlZneVNo/qOTiNuIxVqBIoA8jP5BlVBHOiMQ8vH8flShBAPWZs8I\n4DPaxy4bJ3DJ69vg4qHTSvM9RqmqB0cAAAAAAQID\n-----END OPENSSH PRIVATE KEY-----\n",
            "private_key_pem": "-----BEGIN RSA PRIVATE KEY-----\nMIIJKQIBAAKCAgEA006a1j8y3WT0Ag1L33r5khjCjiV5w5W0AORbXIFDhlAJSMTJ\npHaNQLLufDfAoumZ/rK56duNakPO2aGzq/ic8fXrD+fIzkd468Mos2D478R8Lc5D\nBLklaA1NywSG1G3z7pPqzXM8i6t1i8bdhoObjaEp0eW/vqFOFQOEiG9oFYHuDaY7\n5iIQgVfR9nj6DzfVdAZnA/Re/30CZ7i8KtWL6f6annhMV8WvbPv69DVjdxhNmvlv\npANEMzic+tj32K+KhbLlHEtcVtO81F5+AnzdbIrvbEAWBC7CXCCi+gTR8/hSV+xT\nnAZ8mF1mChwnyNT1eV/EmlgHVS1YchDUqJxlx7taW3nzqzNRw2K2j2y6vGm1HhVs\ndRuzIO1d3jxfcaKsbmLFfTnIL24H6OKr3v36RnAjS3exvp7drZHxigk3SP1hV1Np\n6z11nhQxaJEfcL5LZN8jDoPuq3M2WFLLVCAB6Pt/2kYfftY7mcp3rww51TkxHTI/\nD56StqhX9pXKOWm4eadZHe5r/1sbjVs36EaYAFjFLrl4L+/4pa1eVUSD+RmqjfaI\np3Iq+8swGpwyq+Au+wCw0fCs63PsryFMx4c5XRMiavTPhkmEkJvaaZbx5Y9K4uMm\nemQ+/5QrM4GT8B9fg1UO9bwsKDPONvk4mM4v64dF8CHBy13N0/k9A+8tUtkCAwEA\nAQKCAgBvHscOI+37vzsSWSutOl5EFgE5/zspP3CJh40D+HYqC6zWN6ZSdoWRoIcJ\ni8gh4/a3mgVqlaqoV0BP8lkp9nOSSmBy3NEcqTlNwjOFIVnHvOwQqodT1Il3Toe6\nW4cL70Z4EBFKOW99g40tFEcqlcsXj8kOOGO9O9Zz9oWbufpiVRF63BBj1UYYvrYL\nh1L47cOyYCuMSNYsRPEe2mcZn3MUem+VJm3/OlYmWdx+0BSebIljFgk/lvgmd38V\n60NrD+UoqgsR9g95GaATjh118XP/wJBnvMvXJz/OcttB34cJZWzoD79oLYEYHwWq\nC2RgmJz+Vv5srB4vDMmWMoOip5xdl5yOAfdiGugpiyHZRrbPb65l0fk63l+M5Szf\ngtV30/FHNB28NAy5FdidYNHNuYxPwQhLdp7LOuGWEjYXF7thUGjLNZAcb4pCC/S8\nwBChzbGEJTNWBAT9NYThD0IAsbj72ZWy74DzDV2vDjtUnBhQt5eVd6fZBrePO+M8\ni4jXhSyqJeCplMRuzDDXO7hue4yXLBPfr6AZfP8/+aybizWyBQHQ1c3gybE7Z333\nE97jChl4vbjnDX4p51RgEHwxQMgAQQTgRIc8GVvLhe+Rhp6yedMmoyTia+IQO3S0\nbOA/wu4bLttd7O9/GIPL6Uw5vEwcodmdqGQ5UhYDOI4eb5logQKCAQEA9HA6UclM\nYz1vM64EO5WyC3FlOkDhn+f2ILUf1HjsNWMyUDCFdySJwD0BnAz4JC9Aj1qKQCuq\nakjx41E5HOeaSHDG7UsDHwWbp+pyG2cb6rRV6mnVu8faCX+snxPmz7DsAa78yzt6\nnIUNo71cTLry2ccGKY3BK+OCsml95oCxit17dCWmJFte3G2YjrYSWGNnxTWKnU75\niNccS08pBrYbHUUjuNMrWdmnjIB7tqUjBM0/cT41nLgafbvOc2L7qRrszAuobwyI\nUmT7fpzAALKgJJU3i3l0hgu0rtFQ1H5g/I5LYfSfpx7+5dGqlLJqo5pnhRYMVvqR\nVWrOzFjxWB0k3wKCAQEA3U01Imu09gji5YASnaciU9JrIFjhgrpx1fnDhL5j13gY\n2nLbGsI2at5Adgwiba9hh7Tu3OKHiRsk1cGGTWRp7Lk2j8ClF0HD+zOlA0nJyTm/\nok5LJhREvKeHL0vejIAwaxEwKPmgwvpRWf5IlzqR6bFNWnr8z0Nc8BbvqU4GOKyH\nNq+rNeAcNi889y0jvy2QT7w9ou/cGXU6hSUe/bxMURtUMov1JUHXRScxbGbbgkVs\n8qySxcZKnzTdE+nIj/dy00rOVmd5U2j+o5OI24jFWoEigDyM/kGVUEc6IxDy8fx+\nVKEEA9ZmzwjgM9rHLhsncMnr2+DiodNK8z1GqaoHRwKCAQEAozzHVZLull+SgZq2\nbOw9KHMjvNFTW6xWq+UJSqUuaUDDetXMa5JVA7I5/vKSS+faX2GBbfU7KxtnnfzB\n/VGVsMbPsewkO3VNS8e/SBmFhSnFLnRbLbn7G9jNeLabrxthoIYxf69K5Hfecfil\nSQCX6WOF8/4cgKjAwVC9qU9MQYZDSX9TAniaUu5FsRhaC/jmdcaZuQ/iiMXOuWQ1\n66t1VAi2IFm1W52EzMmI1KJXTn+a3I9E0lIILutapaf2lCnM9T7bzr051Hxnj1gy\nyMSBOa0EmPoVHOd4VD6okh+LuV11bgclD0AdzXBFUGQN3w/gDfp5ZySSJc7cJ49G\nLSfZVQKCAQEAvCDjd7R6bOHXCWTb7nvjucBaY3BLnVekaFPge5tiwwyMjEAxtUi+\n/BCeWfws1HPQhI4ytUI6GDskEDdpVad0SNKW6JPLhL7avVUFBYuX5+GY4ICQb/mx\nCXOdf36O3YAoKQy+lUbI/JfRyqBZ033uBu08JhwBiKzqeAv3h0UWEt3QQJQMB0vS\nj9mOiU4tYlt4n+AVwcsIn/fBXOjWtLt7YUPLSwEh0J9tQpNz94RlPRSJ7q74Qvsz\n+q309vW6E3E3gxnH2TozsM3EEwjbwk0+AJdg3gUbkxXruggjCyZgcYjFWGpdQGnm\nkkAoYMyuoKpi2AY/5HcEEq/NuoQv6xHpBwKCAQBQSgP4ntwLLu8nN2XVrUbgTYry\nszQ88o0j5CeM9N4Ku1J9hQXEXmEDL5PUsQejob0K4faR+Bheb1I1xjN/h744BnKT\ntV3aZxxXOEuvH+buOEIe0OhTY0JoRGDufdz1r34lKzBPxoS0olBFrFxcuBr/gWS6\nJA55H7d3386Pj0zltzWGS0xBF0N0Uf/caMg2opxCHsByc/v7OH5HtgjKy6/5CYvD\n9uJ+GWzifgq1Wzbl3H+DJ24TFzv3ocrpeepjN6XEiM5F7yl55QdRjO3DKyYGgoF1\nXr1Ve1E/u6dEeVNoKRVqRCv9jG3A23ZnQ32LMkHGqrrk5jEgYwLG2DGz5dhW\n-----END RSA PRIVATE KEY-----\n",
            "private_key_pem_pkcs8": "-----BEGIN PRIVATE KEY-----\nMIIJQwIBADANBgkqhkiG9w0BAQEFAASCCS0wggkpAgEAAoICAQDTTprWPzLdZPQC\nDUvfevmSGMKOJXnDlbQA5FtcgUOGUAlIxMmkdo1Asu58N8Ci6Zn+srnp241qQ87Z\nobOr+Jzx9esP58jOR3jrwyizYPjvxHwtzkMEuSVoDU3LBIbUbfPuk+rNczyLq3WL\nxt2Gg5uNoSnR5b++oU4VA4SIb2gVge4NpjvmIhCBV9H2ePoPN9V0BmcD9F7/fQJn\nuLwq1Yvp/pqeeExXxa9s+/r0NWN3GE2a+W+kA0QzOJz62PfYr4qFsuUcS1xW07zU\nXn4CfN1siu9sQBYELsJcIKL6BNHz+FJX7FOcBnyYXWYKHCfI1PV5X8SaWAdVLVhy\nENSonGXHu1pbefOrM1HDYraPbLq8abUeFWx1G7Mg7V3ePF9xoqxuYsV9Ocgvbgfo\n4qve/fpGcCNLd7G+nt2tkfGKCTdI/WFXU2nrPXWeFDFokR9wvktk3yMOg+6rczZY\nUstUIAHo+3/aRh9+1juZynevDDnVOTEdMj8PnpK2qFf2lco5abh5p1kd7mv/WxuN\nWzfoRpgAWMUuuXgv7/ilrV5VRIP5GaqN9oincir7yzAanDKr4C77ALDR8Kzrc+yv\nIUzHhzldEyJq9M+GSYSQm9pplvHlj0ri4yZ6ZD7/lCszgZPwH1+DVQ71vCwoM842\n+TiYzi/rh0XwIcHLXc3T+T0D7y1S2QIDAQABAoICAG8exw4j7fu/OxJZK606XkQW\nATn/Oyk/cImHjQP4dioLrNY3plJ2hZGghwmLyCHj9reaBWqVqqhXQE/yWSn2c5JK\nYHLc0RypOU3CM4UhWce87BCqh1PUiXdOh7pbhwvvRngQEUo5b32DjS0URyqVyxeP\nyQ44Y7071nP2hZu5+mJVEXrcEGPVRhi+tguHUvjtw7JgK4xI1ixE8R7aZxmfcxR6\nb5Umbf86ViZZ3H7QFJ5siWMWCT+W+CZ3fxXrQ2sP5SiqCxH2D3kZoBOOHXXxc//A\nkGe8y9cnP85y20HfhwllbOgPv2gtgRgfBaoLZGCYnP5W/mysHi8MyZYyg6KnnF2X\nnI4B92Ia6CmLIdlGts9vrmXR+TreX4zlLN+C1XfT8Uc0Hbw0DLkV2J1g0c25jE/B\nCEt2nss64ZYSNhcXu2FQaMs1kBxvikIL9LzAEKHNsYQlM1YEBP01hOEPQgCxuPvZ\nlbLvgPMNXa8OO1ScGFC3l5V3p9kGt4874zyLiNeFLKol4KmUxG7MMNc7uG57jJcs\nE9+voBl8/z/5rJuLNbIFAdDVzeDJsTtnffcT3uMKGXi9uOcNfinnVGAQfDFAyABB\nBOBEhzwZW8uF75GGnrJ50yajJOJr4hA7dLRs4D/C7hsu213s738Yg8vpTDm8TByh\n2Z2oZDlSFgM4jh5vmWiBAoIBAQD0cDpRyUxjPW8zrgQ7lbILcWU6QOGf5/YgtR/U\neOw1YzJQMIV3JInAPQGcDPgkL0CPWopAK6pqSPHjUTkc55pIcMbtSwMfBZun6nIb\nZxvqtFXqadW7x9oJf6yfE+bPsOwBrvzLO3qchQ2jvVxMuvLZxwYpjcEr44KyaX3m\ngLGK3Xt0JaYkW17cbZiOthJYY2fFNYqdTvmI1xxLTykGthsdRSO40ytZ2aeMgHu2\npSMEzT9xPjWcuBp9u85zYvupGuzMC6hvDIhSZPt+nMAAsqAklTeLeXSGC7Su0VDU\nfmD8jkth9J+nHv7l0aqUsmqjmmeFFgxW+pFVas7MWPFYHSTfAoIBAQDdTTUia7T2\nCOLlgBKdpyJT0msgWOGCunHV+cOEvmPXeBjactsawjZq3kB2DCJtr2GHtO7c4oeJ\nGyTVwYZNZGnsuTaPwKUXQcP7M6UDScnJOb+iTksmFES8p4cvS96MgDBrETAo+aDC\n+lFZ/kiXOpHpsU1aevzPQ1zwFu+pTgY4rIc2r6s14Bw2Lzz3LSO/LZBPvD2i79wZ\ndTqFJR79vExRG1Qyi/UlQddFJzFsZtuCRWzyrJLFxkqfNN0T6ciP93LTSs5WZ3lT\naP6jk4jbiMVagSKAPIz+QZVQRzojEPLx/H5UoQQD1mbPCOAz2scuGydwyevb4OKh\n00rzPUapqgdHAoIBAQCjPMdVku6WX5KBmrZs7D0ocyO80VNbrFar5QlKpS5pQMN6\n1cxrklUDsjn+8pJL59pfYYFt9TsrG2ed/MH9UZWwxs+x7CQ7dU1Lx79IGYWFKcUu\ndFstufsb2M14tpuvG2GghjF/r0rkd95x+KVJAJfpY4Xz/hyAqMDBUL2pT0xBhkNJ\nf1MCeJpS7kWxGFoL+OZ1xpm5D+KIxc65ZDXrq3VUCLYgWbVbnYTMyYjUoldOf5rc\nj0TSUggu61qlp/aUKcz1PtvOvTnUfGePWDLIxIE5rQSY+hUc53hUPqiSH4u5XXVu\nByUPQB3NcEVQZA3fD+AN+nlnJJIlztwnj0YtJ9lVAoIBAQC8ION3tHps4dcJZNvu\ne+O5wFpjcEudV6RoU+B7m2LDDIyMQDG1SL78EJ5Z/CzUc9CEjjK1QjoYOyQQN2lV\np3RI0pbok8uEvtq9VQUFi5fn4ZjggJBv+bEJc51/fo7dgCgpDL6VRsj8l9HKoFnT\nfe4G7TwmHAGIrOp4C/eHRRYS3dBAlAwHS9KP2Y6JTi1iW3if4BXBywif98Fc6Na0\nu3thQ8tLASHQn21Ck3P3hGU9FInurvhC+zP6rfT29boTcTeDGcfZOjOwzcQTCNvC\nTT4Al2DeBRuTFeu6CCMLJmBxiMVYal1AaeaSQChgzK6gqmLYBj/kdwQSr826hC/r\nEekHAoIBAFBKA/ie3Asu7yc3ZdWtRuBNivKzNDzyjSPkJ4z03gq7Un2FBcReYQMv\nk9SxB6OhvQrh9pH4GF5vUjXGM3+HvjgGcpO1XdpnHFc4S68f5u44Qh7Q6FNjQmhE\nYO593PWvfiUrME/GhLSiUEWsXFy4Gv+BZLokDnkft3ffzo+PTOW3NYZLTEEXQ3RR\n/9xoyDainEIewHJz+/s4fke2CMrLr/kJi8P24n4ZbOJ+CrVbNuXcf4MnbhMXO/eh\nyul56mM3pcSIzkXvKXnlB1GM7cMrJgaCgXVevVV7UT+7p0R5U2gpFWpEK/2MbcDb\ndmdDfYsyQcaquuTmMSBjAsbYMbPl2FY=\n-----END PRIVATE KEY-----\n",
            "public_key_fingerprint_md5": "a7:a2:59:8a:5e:8c:f6:2b:20:15:f1:cb:31:4d:49:5d",
            "public_key_fingerprint_sha256": "SHA256:GXenYWa7htG/V0+M+YwAJWZDCViVMmJMpkmJ/B9RWNE",
            "public_key_openssh": "ssh-rsa AAAAB3NzaC1yc2EAAAADAQABAAACAQDTTprWPzLdZPQCDUvfevmSGMKOJXnDlbQA5FtcgUOGUAlIxMmkdo1Asu58N8Ci6Zn+srnp241qQ87ZobOr+Jzx9esP58jOR3jrwyizYPjvxHwtzkMEuSVoDU3LBIbUbfPuk+rNczyLq3WLxt2Gg5uNoSnR5b++oU4VA4SIb2gVge4NpjvmIhCBV9H2ePoPN9V0BmcD9F7/fQJnuLwq1Yvp/pqeeExXxa9s+/r0NWN3GE2a+W+kA0QzOJz62PfYr4qFsuUcS1xW07zUXn4CfN1siu9sQBYELsJcIKL6BNHz+FJX7FOcBnyYXWYKHCfI1PV5X8SaWAdVLVhyENSonGXHu1pbefOrM1HDYraPbLq8abUeFWx1G7Mg7V3ePF9xoqxuYsV9Ocgvbgfo4qve/fpGcCNLd7G+nt2tkfGKCTdI/WFXU2nrPXWeFDFokR9wvktk3yMOg+6rczZYUstUIAHo+3/aRh9+1juZynevDDnVOTEdMj8PnpK2qFf2lco5abh5p1kd7mv/WxuNWzfoRpgAWMUuuXgv7/ilrV5VRIP5GaqN9oincir7yzAanDKr4C77ALDR8Kzrc+yvIUzHhzldEyJq9M+GSYSQm9pplvHlj0ri4yZ6ZD7/lCszgZPwH1+DVQ71vCwoM842+TiYzi/rh0XwIcHLXc3T+T0D7y1S2Q==\n",
            "public_key_pem": "-----BEGIN PUBLIC KEY-----\nMIICIjANBgkqhkiG9w0BAQEFAAOCAg8AMIICCgKCAgEA006a1j8y3WT0Ag1L33r5\nkhjCjiV5w5W0AORbXIFDhlAJSMTJpHaNQLLufDfAoumZ/rK56duNakPO2aGzq/ic\n8fXrD+fIzkd468Mos2D478R8Lc5DBLklaA1NywSG1G3z7pPqzXM8i6t1i8bdhoOb\njaEp0eW/vqFOFQOEiG9oFYHuDaY75iIQgVfR9nj6DzfVdAZnA/Re/30CZ7i8KtWL\n6f6annhMV8WvbPv69DVjdxhNmvlvpANEMzic+tj32K+KhbLlHEtcVtO81F5+Anzd\nbIrvbEAWBC7CXCCi+gTR8/hSV+xTnAZ8mF1mChwnyNT1eV/EmlgHVS1YchDUqJxl\nx7taW3nzqzNRw2K2j2y6vGm1HhVsdRuzIO1d3jxfcaKsbmLFfTnIL24H6OKr3v36\nRnAjS3exvp7drZHxigk3SP1hV1Np6z11nhQxaJEfcL5LZN8jDoPuq3M2WFLLVCAB\n6Pt/2kYfftY7mcp3rww51TkxHTI/D56StqhX9pXKOWm4eadZHe5r/1sbjVs36EaY\nAFjFLrl4L+/4pa1eVUSD+RmqjfaIp3Iq+8swGpwyq+Au+wCw0fCs63PsryFMx4c5\nXRMiavTPhkmEkJvaaZbx5Y9K4uMmemQ+/5QrM4GT8B9fg1UO9bwsKDPONvk4mM4v\n64dF8CHBy13N0/k9A+8tUtkCAwEAAQ==\n-----END PUBLIC KEY-----\n",
            "rsa_bits": 4096
          },
          "sensitive_attributes": []
        }
      ]
    }
  ]
}
