{
  "version": 4,
  "terraform_version": "1.2.1",
  "serial": 3,
  "lineage": "181476f2-3395-887e-b392-9da4840e442d",
  "outputs": {},
  "resources": [
    {
      "mode": "managed",
      "type": "azurerm_linux_web_app",
      "name": "webapp",
      "provider": "provider[\"registry.terraform.io/hashicorp/azurerm\"]",
      "instances": []
    },
    {
      "mode": "managed",
      "type": "azurerm_service_plan",
      "name": "appserviceplan",
      "provider": "provider[\"registry.terraform.io/hashicorp/azurerm\"]",
      "instances": []
    },
    {
      "mode": "managed",
      "type": "random_integer",
      "name": "ri",
      "provider": "provider[\"registry.terraform.io/hashicorp/random\"]",
      "instances": [
        {
          "schema_version": 0,
          "attributes": {
            "id": "71352",
            "keepers": null,
            "max": 99999,
            "min": 10000,
            "result": 71352,
            "seed": null
          },
          "sensitive_attributes": []
        }
      ]
    }
  ]
}
